
Microsoft Visual Studio Solution File, Format Version 12.00
# Visual Studio 14
VisualStudioVersion = 14.0.24720.0
MinimumVisualStudioVersion = 10.0.40219.1
Project("{FAE04EC0-301F-11D3-BF4B-00C04F79EFBC}") = "WineRecomendation", "WineRecomendation\WineRecomendation.csproj", "{FDA3F288-7BE1-4DA0-9CE6-FC262626B633}"
EndProject
Global
	GlobalSection(SolutionConfigurationPlatforms) = preSolution
		Debug|Any CPU = Debug|Any CPU
		Release|Any CPU = Release|Any CPU
	EndGlobalSection
	GlobalSection(ProjectConfigurationPlatforms) = postSolution
		{FDA3F288-7BE1-4DA0-9CE6-FC262626B633}.Debug|Any CPU.ActiveCfg = Debug|Any CPU
		{FDA3F288-7BE1-4DA0-9CE6-FC262626B633}.Debug|Any CPU.Build.0 = Debug|Any CPU
		{FDA3F288-7BE1-4DA0-9CE6-FC262626B633}.Release|Any CPU.ActiveCfg = Release|Any CPU
		{FDA3F288-7BE1-4DA0-9CE6-FC262626B633}.Release|Any CPU.Build.0 = Release|Any CPU
	EndGlobalSection
	GlobalSection(SolutionProperties) = preSolution
		HideSolutionNode = FALSE
	EndGlobalSection
EndGlobal
